<?xml version="1.0" encoding="utf-8"?>
<Project ToolsVersion="4.0" xmlns="http://schemas.microsoft.com/developer/msbuild/2003">
  <ItemGroup>
    <Filter Include="BootScene">
      <UniqueIdentifier>{db56959b-cf3d-41ed-a78d-fc4447a4078c}</UniqueIdentifier>
    </Filter>
    <Filter Include="ImGui">
      <UniqueIdentifier>{733fe02f-191c-4596-a95a-07f799500350}</UniqueIdentifier>
    </Filter>
    <Filter Include="Library">
      <UniqueIdentifier>{c914e775-8d1c-4905-a4aa-453bf36d668a}</UniqueIdentifier>
    </Filter>
    <Filter Include="PlayScene">
      <UniqueIdentifier>{449ae311-15f2-4857-88b0-2ee627430df4}</UniqueIdentifier>
    </Filter>
    <Filter Include="TitleScene">
      <UniqueIdentifier>{13f74490-3e89-4cc3-aff6-b30b27ac9432}</UniqueIdentifier>
    </Filter>
  </ItemGroup>
  <ItemGroup>
    <ClCompile Include="main.cpp">
      <Filter>Library</Filter>
    </ClCompile>
    <ClCompile Include="App.cpp">
      <Filter>Library</Filter>
    </ClCompile>
    <ClCompile Include="SceneManager.cpp">
      <Filter>Library</Filter>
    </ClCompile>
    <ClCompile Include="ObjectManager.cpp">
      <Filter>Library</Filter>
    </ClCompile>
    <ClCompile Include="Time.cpp">
      <Filter>Library</Filter>
    </ClCompile>
    <ClCompile Include="BootScene.cpp">
      <Filter>BootScene</Filter>
    </ClCompile>
    <ClCompile Include="SceneFactory.cpp" />
    <ClCompile Include="PlayScene.cpp">
      <Filter>PlayScene</Filter>
    </ClCompile>
    <ClCompile Include="TitleScene.cpp">
      <Filter>TitleScene</Filter>
    </ClCompile>
    <ClCompile Include="imgui.cpp">
      <Filter>ImGui</Filter>
    </ClCompile>
    <ClCompile Include="imgui_impl_dx9.cpp">
      <Filter>ImGui</Filter>
    </ClCompile>
    <ClCompile Include="imgui_impl_dx11.cpp">
      <Filter>ImGui</Filter>
    </ClCompile>
    <ClCompile Include="imgui_impl_win32.cpp">
      <Filter>ImGui</Filter>
    </ClCompile>
    <ClCompile Include="imgui_draw.cpp">
      <Filter>ImGui</Filter>
    </ClCompile>
    <ClCompile Include="imgui_ja_gryph_ranges.cpp">
      <Filter>ImGui</Filter>
    </ClCompile>
    <ClCompile Include="imgui_tables.cpp">
      <Filter>ImGui</Filter>
    </ClCompile>
    <ClCompile Include="imgui_widgets.cpp">
      <Filter>ImGui</Filter>
    </ClCompile>
    <ClCompile Include="Player.cpp">
      <Filter>PlayScene</Filter>
    </ClCompile>
    <ClCompile Include="Field.cpp">
      <Filter>PlayScene</Filter>
    </ClCompile>
    <ClCompile Include="Box.cpp">
      <Filter>PlayScene</Filter>
    </ClCompile>
  </ItemGroup>
  <ItemGroup>
    <ClInclude Include="App.h">
      <Filter>Library</Filter>
    </ClInclude>
    <ClInclude Include="imgui_impl_dxlib.hpp">
      <Filter>ImGui</Filter>
    </ClInclude>
    <ClInclude Include="SceneManager.h">
      <Filter>Library</Filter>
    </ClInclude>
    <ClInclude Include="ObjectManager.h">
      <Filter>Library</Filter>
    </ClInclude>
    <ClInclude Include="GameObject.h">
      <Filter>Library</Filter>
    </ClInclude>
    <ClInclude Include="myDxlib.h">
      <Filter>Library</Filter>
    </ClInclude>
    <ClInclude Include="SceneBase.h">
      <Filter>Library</Filter>
    </ClInclude>
    <ClInclude Include="Time.h">
      <Filter>Library</Filter>
    </ClInclude>
    <ClInclude Include="BootScene.h">
      <Filter>BootScene</Filter>
    </ClInclude>
    <ClInclude Include="Screen.h" />
    <ClInclude Include="SceneFactory.h" />
    <ClInclude Include="PlayScene.h">
      <Filter>PlayScene</Filter>
    </ClInclude>
    <ClInclude Include="TitleScene.h">
      <Filter>TitleScene</Filter>
    </ClInclude>
    <ClInclude Include="imgui.h">
      <Filter>ImGui</Filter>
    </ClInclude>
    <ClInclude Include="imgui_impl_dx9.h">
      <Filter>ImGui</Filter>
    </ClInclude>
    <ClInclude Include="imgui_impl_dx11.h">
      <Filter>ImGui</Filter>
    </ClInclude>
    <ClInclude Include="imgui_impl_win32.h">
      <Filter>ImGui</Filter>
    </ClInclude>
    <ClInclude Include="imconfig.h">
      <Filter>ImGui</Filter>
    </ClInclude>
    <ClInclude Include="imgui_internal.h">
      <Filter>ImGui</Filter>
    </ClInclude>
    <ClInclude Include="imstb_textedit.h">
      <Filter>ImGui</Filter>
    </ClInclude>
    <ClInclude Include="imstb_rectpack.h">
      <Filter>ImGui</Filter>
    </ClInclude>
    <ClInclude Include="imstb_truetype.h">
      <Filter>ImGui</Filter>
    </ClInclude>
    <ClInclude Include="Player.h">
      <Filter>PlayScene</Filter>
    </ClInclude>
    <ClInclude Include="Field.h">
      <Filter>PlayScene</Filter>
    </ClInclude>
    <ClInclude Include="Box.h">
      <Filter>PlayScene</Filter>
    </ClInclude>
  </ItemGroup>
</Project>